
Microsoft Visual Studio Solution File, Format Version 12.00
# Visual Studio Version 17
VisualStudioVersion = 17.9.34728.123
MinimumVisualStudioVersion = 10.0.40219.1
Project("{2150E333-8FDC-42A3-9474-1A3956D46DE8}") = "develop", "develop", "{7A2B9B09-E571-47FD-A0D3-56B12AA572D6}"
EndProject
Project("{E53339B2-1760-4266-BCC7-CA923CBCF16C}") = "docker-compose", "develop\docker-compose\docker-compose.dcproj", "{87E396B1-405D-4B70-9AC1-A27E039E9F0C}"
EndProject
Project("{2150E333-8FDC-42A3-9474-1A3956D46DE8}") = "src", "src", "{7255F535-841B-4825-A29E-920EBBBFE9DA}"
EndProject
Project("{2150E333-8FDC-42A3-9474-1A3956D46DE8}") = "tests", "tests", "{8D8843BB-802B-4A5E-9E54-BEC93B87AEBA}"
EndProject
Project("{9A19103F-16F7-4668-BE54-9A1E7A4F7556}") = "DomainNames.WebApi", "src\DomainNames.WebApi\DomainNames.WebApi.csproj", "{D9A478E0-7594-470D-BAA7-6CAACA9357F7}"
EndProject
Project("{9A19103F-16F7-4668-BE54-9A1E7A4F7556}") = "DomainNames.Application.Tests", "tests\DomainNames.Application.Tests\DomainNames.Application.Tests.csproj", "{E9EDDD5B-DDC6-4623-BCF7-A58E4D1CB198}"
EndProject
Global
	GlobalSection(SolutionConfigurationPlatforms) = preSolution
		Debug|Any CPU = Debug|Any CPU
		Release|Any CPU = Release|Any CPU
	EndGlobalSection
	GlobalSection(ProjectConfigurationPlatforms) = postSolution
		{87E396B1-405D-4B70-9AC1-A27E039E9F0C}.Debug|Any CPU.ActiveCfg = Debug|Any CPU
		{87E396B1-405D-4B70-9AC1-A27E039E9F0C}.Debug|Any CPU.Build.0 = Debug|Any CPU
		{87E396B1-405D-4B70-9AC1-A27E039E9F0C}.Release|Any CPU.ActiveCfg = Release|Any CPU
		{87E396B1-405D-4B70-9AC1-A27E039E9F0C}.Release|Any CPU.Build.0 = Release|Any CPU
		{D9A478E0-7594-470D-BAA7-6CAACA9357F7}.Debug|Any CPU.ActiveCfg = Debug|Any CPU
		{D9A478E0-7594-470D-BAA7-6CAACA9357F7}.Debug|Any CPU.Build.0 = Debug|Any CPU
		{D9A478E0-7594-470D-BAA7-6CAACA9357F7}.Release|Any CPU.ActiveCfg = Release|Any CPU
		{D9A478E0-7594-470D-BAA7-6CAACA9357F7}.Release|Any CPU.Build.0 = Release|Any CPU
		{E9EDDD5B-DDC6-4623-BCF7-A58E4D1CB198}.Debug|Any CPU.ActiveCfg = Debug|Any CPU
		{E9EDDD5B-DDC6-4623-BCF7-A58E4D1CB198}.Debug|Any CPU.Build.0 = Debug|Any CPU
		{E9EDDD5B-DDC6-4623-BCF7-A58E4D1CB198}.Release|Any CPU.ActiveCfg = Release|Any CPU
		{E9EDDD5B-DDC6-4623-BCF7-A58E4D1CB198}.Release|Any CPU.Build.0 = Release|Any CPU
	EndGlobalSection
	GlobalSection(SolutionProperties) = preSolution
		HideSolutionNode = FALSE
	EndGlobalSection
	GlobalSection(NestedProjects) = preSolution
		{87E396B1-405D-4B70-9AC1-A27E039E9F0C} = {7A2B9B09-E571-47FD-A0D3-56B12AA572D6}
		{D9A478E0-7594-470D-BAA7-6CAACA9357F7} = {7255F535-841B-4825-A29E-920EBBBFE9DA}
		{E9EDDD5B-DDC6-4623-BCF7-A58E4D1CB198} = {8D8843BB-802B-4A5E-9E54-BEC93B87AEBA}
	EndGlobalSection
	GlobalSection(ExtensibilityGlobals) = postSolution
		SolutionGuid = {372E2B1C-8C07-43AF-A0EF-6AB0C5E545A7}
	EndGlobalSection
EndGlobal
